
Microsoft Visual Studio Solution File, Format Version 11.00
# Visual Studio 2010
Project("{FAE04EC0-301F-11D3-BF4B-00C04F79EFBC}") = "ToonyColorsPro2.Demo", "ToonyColorsPro2.Demo.csproj", "{8444f45d-2612-aecd-e7bb-e91615af3a5a}"
EndProject
Project("{FAE04EC0-301F-11D3-BF4B-00C04F79EFBC}") = "ToonyColorsPro.Runtime", "ToonyColorsPro.Runtime.csproj", "{5e78ec8c-b414-53b4-ef7f-12b76e12551d}"
EndProject
Project("{FAE04EC0-301F-11D3-BF4B-00C04F79EFBC}") = "KinoBloom.Runtime", "KinoBloom.Runtime.csproj", "{7fe086d1-0d49-3bab-cab3-f98ec9370319}"
EndProject
Project("{FAE04EC0-301F-11D3-BF4B-00C04F79EFBC}") = "ToonyColorsPro.Editor", "ToonyColorsPro.Editor.csproj", "{6d0a1be5-1c5f-c342-3f1f-cf2c1c6fa498}"
EndProject
Project("{FAE04EC0-301F-11D3-BF4B-00C04F79EFBC}") = "ToonyColorsPro.Demo.Editor", "ToonyColorsPro.Demo.Editor.csproj", "{8f9b18ac-f330-c750-b0b8-9da27b1bee2d}"
EndProject
Project("{FAE04EC0-301F-11D3-BF4B-00C04F79EFBC}") = "Assembly-CSharp", "Assembly-CSharp.csproj", "{ac959a06-d71b-dd65-1ab3-b52237bd0b6c}"
EndProject
Global
	GlobalSection(SolutionConfigurationPlatforms) = preSolution
		Debug|Any CPU = Debug|Any CPU
	EndGlobalSection
	GlobalSection(ProjectConfigurationPlatforms) = postSolution
		{8444f45d-2612-aecd-e7bb-e91615af3a5a}.Debug|Any CPU.ActiveCfg = Debug|Any CPU
		{8444f45d-2612-aecd-e7bb-e91615af3a5a}.Debug|Any CPU.Build.0 = Debug|Any CPU
		{5e78ec8c-b414-53b4-ef7f-12b76e12551d}.Debug|Any CPU.ActiveCfg = Debug|Any CPU
		{5e78ec8c-b414-53b4-ef7f-12b76e12551d}.Debug|Any CPU.Build.0 = Debug|Any CPU
		{7fe086d1-0d49-3bab-cab3-f98ec9370319}.Debug|Any CPU.ActiveCfg = Debug|Any CPU
		{7fe086d1-0d49-3bab-cab3-f98ec9370319}.Debug|Any CPU.Build.0 = Debug|Any CPU
		{6d0a1be5-1c5f-c342-3f1f-cf2c1c6fa498}.Debug|Any CPU.ActiveCfg = Debug|Any CPU
		{6d0a1be5-1c5f-c342-3f1f-cf2c1c6fa498}.Debug|Any CPU.Build.0 = Debug|Any CPU
		{8f9b18ac-f330-c750-b0b8-9da27b1bee2d}.Debug|Any CPU.ActiveCfg = Debug|Any CPU
		{8f9b18ac-f330-c750-b0b8-9da27b1bee2d}.Debug|Any CPU.Build.0 = Debug|Any CPU
		{ac959a06-d71b-dd65-1ab3-b52237bd0b6c}.Debug|Any CPU.ActiveCfg = Debug|Any CPU
		{ac959a06-d71b-dd65-1ab3-b52237bd0b6c}.Debug|Any CPU.Build.0 = Debug|Any CPU
	EndGlobalSection
	GlobalSection(SolutionProperties) = preSolution
		HideSolutionNode = FALSE
	EndGlobalSection
EndGlobal
